// !$*UTF8*$!
{
	archiveVersion = 1;
	classes = {
	};
	objectVersion = 56;
	objects = {

/* Begin PBXBuildFile section */
		6CF2B7D52B76BDD200B38B94 /* UserMockData.swift in Sources */ = {isa = PBXBuildFile; fileRef = 6CF2B7D42B76BDD200B38B94 /* UserMockData.swift */; };
		6CF2B7D72B76C08600B38B94 /* ErrorCode.swift in Sources */ = {isa = PBXBuildFile; fileRef = 6CF2B7D62B76C08600B38B94 /* ErrorCode.swift */; };
		6CF2B7D92B76CB9200B38B94 /* CourseMockData.swift in Sources */ = {isa = PBXBuildFile; fileRef = 6CF2B7D82B76CB9200B38B94 /* CourseMockData.swift */; };
		6CF2B7DD2B76DC2100B38B94 /* MainView.swift in Sources */ = {isa = PBXBuildFile; fileRef = 6CF2B7DC2B76DC2100B38B94 /* MainView.swift */; };
		6CF2B7FB2B7B275A00B38B94 /* DetailView.swift in Sources */ = {isa = PBXBuildFile; fileRef = 6CF2B7FA2B7B275A00B38B94 /* DetailView.swift */; };
		6CFD0F642B75399300E2BA4E /* CollegeApplicationApp.swift in Sources */ = {isa = PBXBuildFile; fileRef = 6CFD0F632B75399300E2BA4E /* CollegeApplicationApp.swift */; };
		6CFD0F662B75399300E2BA4E /* ContentView.swift in Sources */ = {isa = PBXBuildFile; fileRef = 6CFD0F652B75399300E2BA4E /* ContentView.swift */; };
		6CFD0F682B75399800E2BA4E /* Assets.xcassets in Resources */ = {isa = PBXBuildFile; fileRef = 6CFD0F672B75399800E2BA4E /* Assets.xcassets */; };
		6CFD0F6B2B75399800E2BA4E /* Preview Assets.xcassets in Resources */ = {isa = PBXBuildFile; fileRef = 6CFD0F6A2B75399800E2BA4E /* Preview Assets.xcassets */; };
		6CFD0F7E2B75664800E2BA4E /* Course.swift in Sources */ = {isa = PBXBuildFile; fileRef = 6CFD0F7D2B75664800E2BA4E /* Course.swift */; };
		6CFD0F842B7573F000E2BA4E /* User.swift in Sources */ = {isa = PBXBuildFile; fileRef = 6CFD0F832B7573F000E2BA4E /* User.swift */; };
		6CFD0F862B7574C600E2BA4E /* Student.swift in Sources */ = {isa = PBXBuildFile; fileRef = 6CFD0F852B7574C600E2BA4E /* Student.swift */; };
		6CFD0F882B757B6E00E2BA4E /* Instructor.swift in Sources */ = {isa = PBXBuildFile; fileRef = 6CFD0F872B757B6E00E2BA4E /* Instructor.swift */; };
		CA1F323D2B757279004C6AFB /* WelcomeScreenView.swift in Sources */ = {isa = PBXBuildFile; fileRef = CA1F323C2B757279004C6AFB /* WelcomeScreenView.swift */; };
		CA1F323F2B7572C3004C6AFB /* SigninView.swift in Sources */ = {isa = PBXBuildFile; fileRef = CA1F323E2B7572C3004C6AFB /* SigninView.swift */; };
		CA1F32412B757937004C6AFB /* LoginView.swift in Sources */ = {isa = PBXBuildFile; fileRef = CA1F32402B757937004C6AFB /* LoginView.swift */; };
		CA46E9102B79D9A6005E5D9E /* GradeView.swift in Sources */ = {isa = PBXBuildFile; fileRef = CA46E90F2B79D9A6005E5D9E /* GradeView.swift */; };
		CA46E9122B7AA5B1005E5D9E /* AddCourseView.swift in Sources */ = {isa = PBXBuildFile; fileRef = CA46E9112B7AA5B1005E5D9E /* AddCourseView.swift */; };
		CA46E9142B7AAAF9005E5D9E /* ProfileView.swift in Sources */ = {isa = PBXBuildFile; fileRef = CA46E9132B7AAAF9005E5D9E /* ProfileView.swift */; };
		CA46E9172B7AB274005E5D9E /* NavigationBarMenu.swift in Sources */ = {isa = PBXBuildFile; fileRef = CA46E9162B7AB274005E5D9E /* NavigationBarMenu.swift */; };
		CAB640732B7D93EB004FD863 /* AddNewCourseView.swift in Sources */ = {isa = PBXBuildFile; fileRef = CAB640722B7D93EB004FD863 /* AddNewCourseView.swift */; };
		CAB640752B7D94E1004FD863 /* CourseManager.swift in Sources */ = {isa = PBXBuildFile; fileRef = CAB640742B7D94E1004FD863 /* CourseManager.swift */; };
		CAB640772B7D9D90004FD863 /* StudentCoursesView.swift in Sources */ = {isa = PBXBuildFile; fileRef = CAB640762B7D9D90004FD863 /* StudentCoursesView.swift */; };
		CAB640792B7DA114004FD863 /* InstructorCoursesView.swift in Sources */ = {isa = PBXBuildFile; fileRef = CAB640782B7DA114004FD863 /* InstructorCoursesView.swift */; };
/* End PBXBuildFile section */

/* Begin PBXFileReference section */
		6CF2B7D42B76BDD200B38B94 /* UserMockData.swift */ = {isa = PBXFileReference; lastKnownFileType = sourcecode.swift; path = UserMockData.swift; sourceTree = "<group>"; };
		6CF2B7D62B76C08600B38B94 /* ErrorCode.swift */ = {isa = PBXFileReference; lastKnownFileType = sourcecode.swift; path = ErrorCode.swift; sourceTree = "<group>"; };
		6CF2B7D82B76CB9200B38B94 /* CourseMockData.swift */ = {isa = PBXFileReference; lastKnownFileType = sourcecode.swift; path = CourseMockData.swift; sourceTree = "<group>"; };
		6CF2B7DC2B76DC2100B38B94 /* MainView.swift */ = {isa = PBXFileReference; lastKnownFileType = sourcecode.swift; path = MainView.swift; sourceTree = "<group>"; };
		6CF2B7FA2B7B275A00B38B94 /* DetailView.swift */ = {isa = PBXFileReference; lastKnownFileType = sourcecode.swift; path = DetailView.swift; sourceTree = "<group>"; };
		6CFD0F602B75399300E2BA4E /* CollegeApplication.app */ = {isa = PBXFileReference; explicitFileType = wrapper.application; includeInIndex = 0; path = CollegeApplication.app; sourceTree = BUILT_PRODUCTS_DIR; };
		6CFD0F632B75399300E2BA4E /* CollegeApplicationApp.swift */ = {isa = PBXFileReference; lastKnownFileType = sourcecode.swift; path = CollegeApplicationApp.swift; sourceTree = "<group>"; };
		6CFD0F652B75399300E2BA4E /* ContentView.swift */ = {isa = PBXFileReference; lastKnownFileType = sourcecode.swift; path = ContentView.swift; sourceTree = "<group>"; };
		6CFD0F672B75399800E2BA4E /* Assets.xcassets */ = {isa = PBXFileReference; lastKnownFileType = folder.assetcatalog; path = Assets.xcassets; sourceTree = "<group>"; };
		6CFD0F6A2B75399800E2BA4E /* Preview Assets.xcassets */ = {isa = PBXFileReference; lastKnownFileType = folder.assetcatalog; path = "Preview Assets.xcassets"; sourceTree = "<group>"; };
		6CFD0F7D2B75664800E2BA4E /* Course.swift */ = {isa = PBXFileReference; lastKnownFileType = sourcecode.swift; path = Course.swift; sourceTree = "<group>"; };
		6CFD0F832B7573F000E2BA4E /* User.swift */ = {isa = PBXFileReference; lastKnownFileType = sourcecode.swift; path = User.swift; sourceTree = "<group>"; };
		6CFD0F852B7574C600E2BA4E /* Student.swift */ = {isa = PBXFileReference; lastKnownFileType = sourcecode.swift; path = Student.swift; sourceTree = "<group>"; };
		6CFD0F872B757B6E00E2BA4E /* Instructor.swift */ = {isa = PBXFileReference; lastKnownFileType = sourcecode.swift; path = Instructor.swift; sourceTree = "<group>"; };
		CA1F323C2B757279004C6AFB /* WelcomeScreenView.swift */ = {isa = PBXFileReference; lastKnownFileType = sourcecode.swift; path = WelcomeScreenView.swift; sourceTree = "<group>"; };
		CA1F323E2B7572C3004C6AFB /* SigninView.swift */ = {isa = PBXFileReference; lastKnownFileType = sourcecode.swift; path = SigninView.swift; sourceTree = "<group>"; };
		CA1F32402B757937004C6AFB /* LoginView.swift */ = {isa = PBXFileReference; lastKnownFileType = sourcecode.swift; path = LoginView.swift; sourceTree = "<group>"; };
		CA46E90F2B79D9A6005E5D9E /* GradeView.swift */ = {isa = PBXFileReference; lastKnownFileType = sourcecode.swift; path = GradeView.swift; sourceTree = "<group>"; };
		CA46E9112B7AA5B1005E5D9E /* AddCourseView.swift */ = {isa = PBXFileReference; lastKnownFileType = sourcecode.swift; path = AddCourseView.swift; sourceTree = "<group>"; };
		CA46E9132B7AAAF9005E5D9E /* ProfileView.swift */ = {isa = PBXFileReference; lastKnownFileType = sourcecode.swift; path = ProfileView.swift; sourceTree = "<group>"; };
		CA46E9162B7AB274005E5D9E /* NavigationBarMenu.swift */ = {isa = PBXFileReference; lastKnownFileType = sourcecode.swift; path = NavigationBarMenu.swift; sourceTree = "<group>"; };
		CAB640722B7D93EB004FD863 /* AddNewCourseView.swift */ = {isa = PBXFileReference; lastKnownFileType = sourcecode.swift; path = AddNewCourseView.swift; sourceTree = "<group>"; };
		CAB640742B7D94E1004FD863 /* CourseManager.swift */ = {isa = PBXFileReference; lastKnownFileType = sourcecode.swift; path = CourseManager.swift; sourceTree = "<group>"; };
		CAB640762B7D9D90004FD863 /* StudentCoursesView.swift */ = {isa = PBXFileReference; lastKnownFileType = sourcecode.swift; path = StudentCoursesView.swift; sourceTree = "<group>"; };
		CAB640782B7DA114004FD863 /* InstructorCoursesView.swift */ = {isa = PBXFileReference; lastKnownFileType = sourcecode.swift; path = InstructorCoursesView.swift; sourceTree = "<group>"; };
/* End PBXFileReference section */

/* Begin PBXFrameworksBuildPhase section */
		6CFD0F5D2B75399300E2BA4E /* Frameworks */ = {
			isa = PBXFrameworksBuildPhase;
			buildActionMask = 2147483647;
			files = (
			);
			runOnlyForDeploymentPostprocessing = 0;
		};
/* End PBXFrameworksBuildPhase section */

/* Begin PBXGroup section */
		6CFD0F572B75399300E2BA4E = {
			isa = PBXGroup;
			children = (
				6CFD0F622B75399300E2BA4E /* CollegeApplication */,
				6CFD0F612B75399300E2BA4E /* Products */,
			);
			sourceTree = "<group>";
		};
		6CFD0F612B75399300E2BA4E /* Products */ = {
			isa = PBXGroup;
			children = (
				6CFD0F602B75399300E2BA4E /* CollegeApplication.app */,
			);
			name = Products;
			sourceTree = "<group>";
		};
		6CFD0F622B75399300E2BA4E /* CollegeApplication */ = {
			isa = PBXGroup;
			children = (
				CA46E9152B7AB268005E5D9E /* Components */,
				CA1F323B2B7571E0004C6AFB /* Screens */,
				6CFD0F632B75399300E2BA4E /* CollegeApplicationApp.swift */,
				6CFD0F652B75399300E2BA4E /* ContentView.swift */,
				6CFD0F672B75399800E2BA4E /* Assets.xcassets */,
				6CFD0F7D2B75664800E2BA4E /* Course.swift */,
				6CFD0F832B7573F000E2BA4E /* User.swift */,
				6CFD0F852B7574C600E2BA4E /* Student.swift */,
				6CFD0F872B757B6E00E2BA4E /* Instructor.swift */,
				6CFD0F692B75399800E2BA4E /* Preview Content */,
				CAB640742B7D94E1004FD863 /* CourseManager.swift */,
			);
			path = CollegeApplication;
			sourceTree = "<group>";
		};
		6CFD0F692B75399800E2BA4E /* Preview Content */ = {
			isa = PBXGroup;
			children = (
				6CFD0F6A2B75399800E2BA4E /* Preview Assets.xcassets */,
			);
			path = "Preview Content";
			sourceTree = "<group>";
		};
		CA1F323B2B7571E0004C6AFB /* Screens */ = {
			isa = PBXGroup;
			children = (
				CA1F323C2B757279004C6AFB /* WelcomeScreenView.swift */,
				CA1F323E2B7572C3004C6AFB /* SigninView.swift */,
				CA1F32402B757937004C6AFB /* LoginView.swift */,
				6CF2B7DC2B76DC2100B38B94 /* MainView.swift */,
				6CF2B7D82B76CB9200B38B94 /* CourseMockData.swift */,
				6CF2B7D62B76C08600B38B94 /* ErrorCode.swift */,
				6CF2B7D42B76BDD200B38B94 /* UserMockData.swift */,
				CA46E90F2B79D9A6005E5D9E /* GradeView.swift */,
				CA46E9112B7AA5B1005E5D9E /* AddCourseView.swift */,
				CA46E9132B7AAAF9005E5D9E /* ProfileView.swift */,
				6CF2B7FA2B7B275A00B38B94 /* DetailView.swift */,
				CAB640722B7D93EB004FD863 /* AddNewCourseView.swift */,
				CAB640762B7D9D90004FD863 /* StudentCoursesView.swift */,
				CAB640782B7DA114004FD863 /* InstructorCoursesView.swift */,
			);
			path = Screens;
			sourceTree = "<group>";
		};
		CA46E9152B7AB268005E5D9E /* Components */ = {
			isa = PBXGroup;
			children = (
				CA46E9162B7AB274005E5D9E /* NavigationBarMenu.swift */,
			);
			path = Components;
			sourceTree = "<group>";
		};
/* End PBXGroup section */

/* Begin PBXNativeTarget section */
		6CFD0F5F2B75399300E2BA4E /* CollegeApplication */ = {
			isa = PBXNativeTarget;
			buildConfigurationList = 6CFD0F6E2B75399800E2BA4E /* Build configuration list for PBXNativeTarget "CollegeApplication" */;
			buildPhases = (
				6CFD0F5C2B75399300E2BA4E /* Sources */,
				6CFD0F5D2B75399300E2BA4E /* Frameworks */,
				6CFD0F5E2B75399300E2BA4E /* Resources */,
			);
			buildRules = (
			);
			dependencies = (
			);
			name = CollegeApplication;
			productName = CollegeApplication;
			productReference = 6CFD0F602B75399300E2BA4E /* CollegeApplication.app */;
			productType = "com.apple.product-type.application";
		};
/* End PBXNativeTarget section */

/* Begin PBXProject section */
		6CFD0F582B75399300E2BA4E /* Project object */ = {
			isa = PBXProject;
			attributes = {
				BuildIndependentTargetsInParallel = 1;
				LastSwiftUpdateCheck = 1520;
				LastUpgradeCheck = 1520;
				TargetAttributes = {
					6CFD0F5F2B75399300E2BA4E = {
						CreatedOnToolsVersion = 15.2;
					};
				};
			};
			buildConfigurationList = 6CFD0F5B2B75399300E2BA4E /* Build configuration list for PBXProject "CollegeApplication" */;
			compatibilityVersion = "Xcode 14.0";
			developmentRegion = en;
			hasScannedForEncodings = 0;
			knownRegions = (
				en,
				Base,
			);
			mainGroup = 6CFD0F572B75399300E2BA4E;
			productRefGroup = 6CFD0F612B75399300E2BA4E /* Products */;
			projectDirPath = "";
			projectRoot = "";
			targets = (
				6CFD0F5F2B75399300E2BA4E /* CollegeApplication */,
			);
		};
/* End PBXProject section */

/* Begin PBXResourcesBuildPhase section */
		6CFD0F5E2B75399300E2BA4E /* Resources */ = {
			isa = PBXResourcesBuildPhase;
			buildActionMask = 2147483647;
			files = (
				6CFD0F6B2B75399800E2BA4E /* Preview Assets.xcassets in Resources */,
				6CFD0F682B75399800E2BA4E /* Assets.xcassets in Resources */,
			);
			runOnlyForDeploymentPostprocessing = 0;
		};
/* End PBXResourcesBuildPhase section */

/* Begin PBXSourcesBuildPhase section */
		6CFD0F5C2B75399300E2BA4E /* Sources */ = {
			isa = PBXSourcesBuildPhase;
			buildActionMask = 2147483647;
			files = (
				CAB640732B7D93EB004FD863 /* AddNewCourseView.swift in Sources */,
				6CF2B7D92B76CB9200B38B94 /* CourseMockData.swift in Sources */,
				CAB640752B7D94E1004FD863 /* CourseManager.swift in Sources */,
				CAB640772B7D9D90004FD863 /* StudentCoursesView.swift in Sources */,
				6CF2B7FB2B7B275A00B38B94 /* DetailView.swift in Sources */,
				6CF2B7DD2B76DC2100B38B94 /* MainView.swift in Sources */,
				CA46E9122B7AA5B1005E5D9E /* AddCourseView.swift in Sources */,
				CA1F323D2B757279004C6AFB /* WelcomeScreenView.swift in Sources */,
				6CFD0F842B7573F000E2BA4E /* User.swift in Sources */,
				6CFD0F7E2B75664800E2BA4E /* Course.swift in Sources */,
				6CFD0F662B75399300E2BA4E /* ContentView.swift in Sources */,
				CA46E9172B7AB274005E5D9E /* NavigationBarMenu.swift in Sources */,
				CA46E9102B79D9A6005E5D9E /* GradeView.swift in Sources */,
				CA46E9142B7AAAF9005E5D9E /* ProfileView.swift in Sources */,
				CA1F323F2B7572C3004C6AFB /* SigninView.swift in Sources */,
				CA1F32412B757937004C6AFB /* LoginView.swift in Sources */,
				6CFD0F862B7574C600E2BA4E /* Student.swift in Sources */,
				6CF2B7D72B76C08600B38B94 /* ErrorCode.swift in Sources */,
				6CFD0F882B757B6E00E2BA4E /* Instructor.swift in Sources */,
				6CF2B7D52B76BDD200B38B94 /* UserMockData.swift in Sources */,
				CAB640792B7DA114004FD863 /* InstructorCoursesView.swift in Sources */,
				6CFD0F642B75399300E2BA4E /* CollegeApplicationApp.swift in Sources */,
			);
			runOnlyForDeploymentPostprocessing = 0;
		};
/* End PBXSourcesBuildPhase section */

/* Begin XCBuildConfiguration section */
		6CFD0F6C2B75399800E2BA4E /* Debug */ = {
			isa = XCBuildConfiguration;
			buildSettings = {
				ALWAYS_SEARCH_USER_PATHS = NO;
				ASSETCATALOG_COMPILER_GENERATE_SWIFT_ASSET_SYMBOL_EXTENSIONS = YES;
				CLANG_ANALYZER_NONNULL = YES;
				CLANG_ANALYZER_NUMBER_OBJECT_CONVERSION = YES_AGGRESSIVE;
				CLANG_CXX_LANGUAGE_STANDARD = "gnu++20";
				CLANG_ENABLE_MODULES = YES;
				CLANG_ENABLE_OBJC_ARC = YES;
				CLANG_ENABLE_OBJC_WEAK = YES;
				CLANG_WARN_BLOCK_CAPTURE_AUTORELEASING = YES;
				CLANG_WARN_BOOL_CONVERSION = YES;
				CLANG_WARN_COMMA = YES;
				CLANG_WARN_CONSTANT_CONVERSION = YES;
				CLANG_WARN_DEPRECATED_OBJC_IMPLEMENTATIONS = YES;
				CLANG_WARN_DIRECT_OBJC_ISA_USAGE = YES_ERROR;
				CLANG_WARN_DOCUMENTATION_COMMENTS = YES;
				CLANG_WARN_EMPTY_BODY = YES;
				CLANG_WARN_ENUM_CONVERSION = YES;
				CLANG_WARN_INFINITE_RECURSION = YES;
				CLANG_WARN_INT_CONVERSION = YES;
				CLANG_WARN_NON_LITERAL_NULL_CONVERSION = YES;
				CLANG_WARN_OBJC_IMPLICIT_RETAIN_SELF = YES;
				CLANG_WARN_OBJC_LITERAL_CONVERSION = YES;
				CLANG_WARN_OBJC_ROOT_CLASS = YES_ERROR;
				CLANG_WARN_QUOTED_INCLUDE_IN_FRAMEWORK_HEADER = YES;
				CLANG_WARN_RANGE_LOOP_ANALYSIS = YES;
				CLANG_WARN_STRICT_PROTOTYPES = YES;
				CLANG_WARN_SUSPICIOUS_MOVE = YES;
				CLANG_WARN_UNGUARDED_AVAILABILITY = YES_AGGRESSIVE;
				CLANG_WARN_UNREACHABLE_CODE = YES;
				CLANG_WARN__DUPLICATE_METHOD_MATCH = YES;
				COPY_PHASE_STRIP = NO;
				DEBUG_INFORMATION_FORMAT = dwarf;
				ENABLE_STRICT_OBJC_MSGSEND = YES;
				ENABLE_TESTABILITY = YES;
				ENABLE_USER_SCRIPT_SANDBOXING = YES;
				GCC_C_LANGUAGE_STANDARD = gnu17;
				GCC_DYNAMIC_NO_PIC = NO;
				GCC_NO_COMMON_BLOCKS = YES;
				GCC_OPTIMIZATION_LEVEL = 0;
				GCC_PREPROCESSOR_DEFINITIONS = (
					"DEBUG=1",
					"$(inherited)",
				);
				GCC_WARN_64_TO_32_BIT_CONVERSION = YES;
				GCC_WARN_ABOUT_RETURN_TYPE = YES_ERROR;
				GCC_WARN_UNDECLARED_SELECTOR = YES;
				GCC_WARN_UNINITIALIZED_AUTOS = YES_AGGRESSIVE;
				GCC_WARN_UNUSED_FUNCTION = YES;
				GCC_WARN_UNUSED_VARIABLE = YES;
				IPHONEOS_DEPLOYMENT_TARGET = 17.2;
				LOCALIZATION_PREFERS_STRING_CATALOGS = YES;
				MTL_ENABLE_DEBUG_INFO = INCLUDE_SOURCE;
				MTL_FAST_MATH = YES;
				ONLY_ACTIVE_ARCH = YES;
				SDKROOT = iphoneos;
				SWIFT_ACTIVE_COMPILATION_CONDITIONS = "DEBUG $(inherited)";
				SWIFT_OPTIMIZATION_LEVEL = "-Onone";
			};
			name = Debug;
		};
		6CFD0F6D2B75399800E2BA4E /* Release */ = {
			isa = XCBuildConfiguration;
			buildSettings = {
				ALWAYS_SEARCH_USER_PATHS = NO;
				ASSETCATALOG_COMPILER_GENERATE_SWIFT_ASSET_SYMBOL_EXTENSIONS = YES;
				CLANG_ANALYZER_NONNULL = YES;
				CLANG_ANALYZER_NUMBER_OBJECT_CONVERSION = YES_AGGRESSIVE;
				CLANG_CXX_LANGUAGE_STANDARD = "gnu++20";
				CLANG_ENABLE_MODULES = YES;
				CLANG_ENABLE_OBJC_ARC = YES;
				CLANG_ENABLE_OBJC_WEAK = YES;
				CLANG_WARN_BLOCK_CAPTURE_AUTORELEASING = YES;
				CLANG_WARN_BOOL_CONVERSION = YES;
				CLANG_WARN_COMMA = YES;
				CLANG_WARN_CONSTANT_CONVERSION = YES;
				CLANG_WARN_DEPRECATED_OBJC_IMPLEMENTATIONS = YES;
				CLANG_WARN_DIRECT_OBJC_ISA_USAGE = YES_ERROR;
				CLANG_WARN_DOCUMENTATION_COMMENTS = YES;
				CLANG_WARN_EMPTY_BODY = YES;
				CLANG_WARN_ENUM_CONVERSION = YES;
				CLANG_WARN_INFINITE_RECURSION = YES;
				CLANG_WARN_INT_CONVERSION = YES;
				CLANG_WARN_NON_LITERAL_NULL_CONVERSION = YES;
				CLANG_WARN_OBJC_IMPLICIT_RETAIN_SELF = YES;
				CLANG_WARN_OBJC_LITERAL_CONVERSION = YES;
				CLANG_WARN_OBJC_ROOT_CLASS = YES_ERROR;
				CLANG_WARN_QUOTED_INCLUDE_IN_FRAMEWORK_HEADER = YES;
				CLANG_WARN_RANGE_LOOP_ANALYSIS = YES;
				CLANG_WARN_STRICT_PROTOTYPES = YES;
				CLANG_WARN_SUSPICIOUS_MOVE = YES;
				CLANG_WARN_UNGUARDED_AVAILABILITY = YES_AGGRESSIVE;
				CLANG_WARN_UNREACHABLE_CODE = YES;
				CLANG_WARN__DUPLICATE_METHOD_MATCH = YES;
				COPY_PHASE_STRIP = NO;
				DEBUG_INFORMATION_FORMAT = "dwarf-with-dsym";
				ENABLE_NS_ASSERTIONS = NO;
				ENABLE_STRICT_OBJC_MSGSEND = YES;
				ENABLE_USER_SCRIPT_SANDBOXING = YES;
				GCC_C_LANGUAGE_STANDARD = gnu17;
				GCC_NO_COMMON_BLOCKS = YES;
				GCC_WARN_64_TO_32_BIT_CONVERSION = YES;
				GCC_WARN_ABOUT_RETURN_TYPE = YES_ERROR;
				GCC_WARN_UNDECLARED_SELECTOR = YES;
				GCC_WARN_UNINITIALIZED_AUTOS = YES_AGGRESSIVE;
				GCC_WARN_UNUSED_FUNCTION = YES;
				GCC_WARN_UNUSED_VARIABLE = YES;
				IPHONEOS_DEPLOYMENT_TARGET = 17.2;
				LOCALIZATION_PREFERS_STRING_CATALOGS = YES;
				MTL_ENABLE_DEBUG_INFO = NO;
				MTL_FAST_MATH = YES;
				SDKROOT = iphoneos;
				SWIFT_COMPILATION_MODE = wholemodule;
				VALIDATE_PRODUCT = YES;
			};
			name = Release;
		};
		6CFD0F6F2B75399800E2BA4E /* Debug */ = {
			isa = XCBuildConfiguration;
			buildSettings = {
				ASSETCATALOG_COMPILER_APPICON_NAME = AppIcon;
				ASSETCATALOG_COMPILER_GLOBAL_ACCENT_COLOR_NAME = AccentColor;
				CODE_SIGN_STYLE = Automatic;
				CURRENT_PROJECT_VERSION = 1;
				DEVELOPMENT_ASSET_PATHS = "\"CollegeApplication/Preview Content\"";
				ENABLE_PREVIEWS = YES;
				GENERATE_INFOPLIST_FILE = YES;
				INFOPLIST_KEY_UIApplicationSceneManifest_Generation = YES;
				INFOPLIST_KEY_UIApplicationSupportsIndirectInputEvents = YES;
				INFOPLIST_KEY_UILaunchScreen_Generation = YES;
				INFOPLIST_KEY_UISupportedInterfaceOrientations_iPad = "UIInterfaceOrientationPortrait UIInterfaceOrientationPortraitUpsideDown UIInterfaceOrientationLandscapeLeft UIInterfaceOrientationLandscapeRight";
				INFOPLIST_KEY_UISupportedInterfaceOrientations_iPhone = "UIInterfaceOrientationPortrait UIInterfaceOrientationLandscapeLeft UIInterfaceOrientationLandscapeRight";
				LD_RUNPATH_SEARCH_PATHS = (
					"$(inherited)",
					"@executable_path/Frameworks",
				);
				MARKETING_VERSION = 1.0;
				PRODUCT_BUNDLE_IDENTIFIER = GroupProject.CollegeApplication;
				PRODUCT_NAME = "$(TARGET_NAME)";
				SWIFT_EMIT_LOC_STRINGS = YES;
				SWIFT_VERSION = 5.0;
				TARGETED_DEVICE_FAMILY = "1,2";
			};
			name = Debug;
		};
		6CFD0F702B75399800E2BA4E /* Release */ = {
			isa = XCBuildConfiguration;
			buildSettings = {
				ASSETCATALOG_COMPILER_APPICON_NAME = AppIcon;
				ASSETCATALOG_COMPILER_GLOBAL_ACCENT_COLOR_NAME = AccentColor;
				CODE_SIGN_STYLE = Automatic;
				CURRENT_PROJECT_VERSION = 1;
				DEVELOPMENT_ASSET_PATHS = "\"CollegeApplication/Preview Content\"";
				ENABLE_PREVIEWS = YES;
				GENERATE_INFOPLIST_FILE = YES;
				INFOPLIST_KEY_UIApplicationSceneManifest_Generation = YES;
				INFOPLIST_KEY_UIApplicationSupportsIndirectInputEvents = YES;
				INFOPLIST_KEY_UILaunchScreen_Generation = YES;
				INFOPLIST_KEY_UISupportedInterfaceOrientations_iPad = "UIInterfaceOrientationPortrait UIInterfaceOrientationPortraitUpsideDown UIInterfaceOrientationLandscapeLeft UIInterfaceOrientationLandscapeRight";
				INFOPLIST_KEY_UISupportedInterfaceOrientations_iPhone = "UIInterfaceOrientationPortrait UIInterfaceOrientationLandscapeLeft UIInterfaceOrientationLandscapeRight";
				LD_RUNPATH_SEARCH_PATHS = (
					"$(inherited)",
					"@executable_path/Frameworks",
				);
				MARKETING_VERSION = 1.0;
				PRODUCT_BUNDLE_IDENTIFIER = GroupProject.CollegeApplication;
				PRODUCT_NAME = "$(TARGET_NAME)";
				SWIFT_EMIT_LOC_STRINGS = YES;
				SWIFT_VERSION = 5.0;
				TARGETED_DEVICE_FAMILY = "1,2";
			};
			name = Release;
		};
/* End XCBuildConfiguration section */

/* Begin XCConfigurationList section */
		6CFD0F5B2B75399300E2BA4E /* Build configuration list for PBXProject "CollegeApplication" */ = {
			isa = XCConfigurationList;
			buildConfigurations = (
				6CFD0F6C2B75399800E2BA4E /* Debug */,
				6CFD0F6D2B75399800E2BA4E /* Release */,
			);
			defaultConfigurationIsVisible = 0;
			defaultConfigurationName = Release;
		};
		6CFD0F6E2B75399800E2BA4E /* Build configuration list for PBXNativeTarget "CollegeApplication" */ = {
			isa = XCConfigurationList;
			buildConfigurations = (
				6CFD0F6F2B75399800E2BA4E /* Debug */,
				6CFD0F702B75399800E2BA4E /* Release */,
			);
			defaultConfigurationIsVisible = 0;
			defaultConfigurationName = Release;
		};
/* End XCConfigurationList section */
	};
	rootObject = 6CFD0F582B75399300E2BA4E /* Project object */;
}
